{
  "version": "5",
  "specifiers": {
    "jsr:@std/assert@1": "1.0.19",
    "jsr:@std/assert@^1.0.19": "1.0.19",
    "jsr:@std/internal@^1.0.12": "1.0.14",
    "jsr:@std/yaml@1": "1.1.2",
    "npm:@deck.gl/core@^9.3.7": "9.3.7",
    "npm:@deck.gl/layers@^9.3.7": "9.3.7_@deck.gl+core@9.3.7_@loaders.gl+core@4.4.3_@luma.gl+core@9.3.6_@luma.gl+engine@9.3.6__@luma.gl+core@9.3.6__@luma.gl+shadertools@9.3.6___@luma.gl+core@9.3.6",
    "npm:@protomaps/basemaps@^5.7.2": "5.7.2",
    "npm:@turf/bbox-clip@7": "7.3.5",
    "npm:@turf/helpers@7": "7.3.5",
    "npm:@turf/simplify@7": "7.3.5",
    "npm:@turf/truncate@7": "7.3.5",
    "npm:@types/geojson@^7946.0.16": "7946.0.16",
    "npm:maplibre-gl@^4.7.1": "4.7.1",
    "npm:pmtiles@^3.2.1": "3.2.1"
  },
  "jsr": {
    "@std/assert@1.0.19": {
      "integrity": "eaada96ee120cb980bc47e040f82814d786fe8162ecc53c91d8df60b8755991e",
      "dependencies": [
        "jsr:@std/internal"
      ]
    },
    "@std/internal@1.0.14": {
      "integrity": "291516b3d4c35024d6ffbc0a9df5bf4c64116e05b50012cf846710152d2ffdf7"
    },
    "@std/yaml@1.1.2": {
      "integrity": "de612653c036749ba2044165e316f52412b0f0698afffb7ee80b5331d6d2abae"
    }
  },
  "npm": {
    "@deck.gl/core@9.3.7": {
      "integrity": "sha512-l+YPm1I0Fwj+b7xsu8FvyDT5MGPgEPJe2cQJUpQNgG742b2goB4tyYpteUhNAOeVo1gmenvqv36ZJGNsGxipJA==",
      "dependencies": [
        "@loaders.gl/core",
        "@loaders.gl/images",
        "@luma.gl/core",
        "@luma.gl/engine",
        "@luma.gl/shadertools",
        "@luma.gl/webgl",
        "@math.gl/core",
        "@math.gl/sun",
        "@math.gl/types",
        "@math.gl/web-mercator",
        "@probe.gl/env",
        "@probe.gl/log",
        "@probe.gl/stats",
        "@types/offscreencanvas",
        "gl-matrix",
        "mjolnir.js"
      ]
    },
    "@deck.gl/layers@9.3.7_@deck.gl+core@9.3.7_@loaders.gl+core@4.4.3_@luma.gl+core@9.3.6_@luma.gl+engine@9.3.6__@luma.gl+core@9.3.6__@luma.gl+shadertools@9.3.6___@luma.gl+core@9.3.6": {
      "integrity": "sha512-T2CnkEU1QEqmusrSdot7+8Nl09gzntG5DvhaogyBbTjmABhTh4rUnS6dLOjf5/ju3aJ+Q58/FvDzgBBcK4V7kg==",
      "dependencies": [
        "@deck.gl/core",
        "@loaders.gl/core",
        "@loaders.gl/images",
        "@loaders.gl/schema",
        "@luma.gl/core",
        "@luma.gl/engine",
        "@luma.gl/shadertools",
        "@mapbox/tiny-sdf",
        "@math.gl/core",
        "@math.gl/polygon",
        "@math.gl/web-mercator",
        "@types/geojson",
        "earcut@2.2.4"
      ]
    },
    "@loaders.gl/core@4.4.3": {
      "integrity": "sha512-D6kXFdpUtYwoqS5OQLLaLELkHlS3qIdcSgzVvsh/MinRteeVIITJojqEc/lmDx1zVR3j6WND7yPGF4i4aOwiOg==",
      "dependencies": [
        "@loaders.gl/loader-utils",
        "@loaders.gl/schema",
        "@loaders.gl/schema-utils",
        "@loaders.gl/worker-utils",
        "@probe.gl/log"
      ]
    },
    "@loaders.gl/images@4.4.3_@loaders.gl+core@4.4.3": {
      "integrity": "sha512-a4C6x+4GZUchf+IwpdBOvyGeLGSbGOVob+WSWfGUezEQ4gqu1zS1pn3lCX3ZTL5P+Ch3v6KKwPGdO5YdTd52Ew==",
      "dependencies": [
        "@loaders.gl/core",
        "@loaders.gl/loader-utils"
      ]
    },
    "@loaders.gl/loader-utils@4.4.3_@loaders.gl+core@4.4.3": {
      "integrity": "sha512-5yt1OqZPYR3d+xFAqtzSKO24Hd7019KqN+iOWp7XBKPQBS+sAEhAnmSTnO1axo45IEi14J3FhMDk+ndqBoSKEQ==",
      "dependencies": [
        "@loaders.gl/schema",
        "@loaders.gl/worker-utils",
        "@probe.gl/log",
        "@probe.gl/stats"
      ]
    },
    "@loaders.gl/schema-utils@4.4.3_@loaders.gl+core@4.4.3": {
      "integrity": "sha512-TggzQWkzf9pIYbj8I9RlTk33kwXslvDkY1nnw/OL/hika6qTls1G127qK5m9skiAjElk5ZkvQLQcwhOboZXZeA==",
      "dependencies": [
        "@loaders.gl/core",
        "@loaders.gl/schema",
        "@types/geojson",
        "apache-arrow"
      ]
    },
    "@loaders.gl/schema@4.4.3": {
      "integrity": "sha512-tDb/rOn44nHWvMFSOaAk1/pQcQcusxirGCM1O5BMJR0PQ71UrCHey56rsbcf7/wGhvyRwPtX+oiMzlJ9TmN8vQ==",
      "dependencies": [
        "@types/geojson",
        "apache-arrow"
      ]
    },
    "@loaders.gl/worker-utils@4.4.3_@loaders.gl+core@4.4.3": {
      "integrity": "sha512-RZt/NwFXm6Kx3Fn/rqiW3Alse9Z0XtBktH/EFAp8W6LvsKuxpRMjULqGfybTu2waRXRYUNYZ6zGs9aOWbtDRLw==",
      "dependencies": [
        "@loaders.gl/core"
      ]
    },
    "@luma.gl/core@9.3.6": {
      "integrity": "sha512-eqHnCPh2xHYkdd9rEkiIIkGMixNiJkq1ROrnTob6npvmZNVHXL0ubIw5KueL7rqW0+J1tm+p2+TXZaCmn0sP7Q==",
      "dependencies": [
        "@math.gl/types",
        "@probe.gl/env",
        "@probe.gl/log",
        "@probe.gl/stats",
        "@types/offscreencanvas"
      ]
    },
    "@luma.gl/engine@9.3.6_@luma.gl+core@9.3.6_@luma.gl+shadertools@9.3.6__@luma.gl+core@9.3.6": {
      "integrity": "sha512-NYTdhn2NaH/MjN8qXCl2ukrT1Ac9iTKu1mgN0wz11XRd1QYnlMNBXswRROD7IZ2PUsBWdmYHc9qE8wKBQqMuIA==",
      "dependencies": [
        "@luma.gl/core",
        "@luma.gl/shadertools",
        "@math.gl/core",
        "@math.gl/types",
        "@probe.gl/log",
        "@probe.gl/stats"
      ]
    },
    "@luma.gl/shadertools@9.3.6_@luma.gl+core@9.3.6": {
      "integrity": "sha512-dDuD8lCOkAE1L7hJGZEyZAi7upR1HG3wEEIQ1gCLaTTbJWC7tNtnVz853lqUA+VXgjgS9NiQFFRcosiIZmW4Vg==",
      "dependencies": [
        "@luma.gl/core",
        "@math.gl/core",
        "@math.gl/types"
      ]
    },
    "@luma.gl/webgl@9.3.6_@luma.gl+core@9.3.6": {
      "integrity": "sha512-tGm7FGWPmJKxGZMvkRPRi219x3tKmBxR7Uke09nTp2ujNak/O5V9xPIQ9lUBGTxqAb8U2yjKkXG8j+f/4b2+sw==",
      "dependencies": [
        "@luma.gl/core",
        "@math.gl/types",
        "@probe.gl/env"
      ]
    },
    "@mapbox/geojson-rewind@0.5.2": {
      "integrity": "sha512-tJaT+RbYGJYStt7wI3cq4Nl4SXxG8W7JDG5DMJu97V25RnbNg3QtQtf+KD+VLjNpWKYsRvXDNmNrBgEETr1ifA==",
      "dependencies": [
        "get-stream",
        "minimist"
      ],
      "bin": true
    },
    "@mapbox/jsonlint-lines-primitives@2.0.3": {
      "integrity": "sha512-0SElaV0uMxEnxzBhhX9WTuPyUeMsAN/SS0i16tjuba4/mio63MG9khjC1a0JAiPGXAwvwm4UfHJURCN7nyudQg=="
    },
    "@mapbox/point-geometry@0.1.0": {
      "integrity": "sha512-6j56HdLTwWGO0fJPlrZtdU/B13q8Uwmo18Ck2GnGgN9PCFyKTZ3UbXeEdRFh18i9XQ92eH2VdtpJHpBD3aripQ=="
    },
    "@mapbox/tiny-sdf@2.2.0": {
      "integrity": "sha512-LVL4wgI9YAum5V+LNVQO6QgFBPw7/MIIY4XJPNsPDMrjEwcE+JfKk1LuIl8GnF197ejVdC9QdPaxrx5gfgdGXg=="
    },
    "@mapbox/unitbezier@0.0.1": {
      "integrity": "sha512-nMkuDXFv60aBr9soUG5q+GvZYL+2KZHVvsqFCzqnkGEf46U2fvmytHaEVc1/YZbiLn8X+eR3QzX1+dwDO1lxlw=="
    },
    "@mapbox/vector-tile@1.3.1": {
      "integrity": "sha512-MCEddb8u44/xfQ3oD+Srl/tNcQoqTw3goGk2oLsrFxOTc3dUp+kAnby3PvAeeBYSMSjSPD1nd1AJA6W49WnoUw==",
      "dependencies": [
        "@mapbox/point-geometry"
      ]
    },
    "@mapbox/whoots-js@3.1.0": {
      "integrity": "sha512-Es6WcD0nO5l+2BOQS4uLfNPYQaNDfbot3X1XUoloz+x0mPDS3eeORZJl06HXjwBG1fOGwCRnzK88LMdxKRrd6Q=="
    },
    "@maplibre/maplibre-gl-style-spec@20.4.0": {
      "integrity": "sha512-AzBy3095fTFPjDjmWpR2w6HVRAZJ6hQZUCwk5Plz6EyfnfuQW1odeW5i2Ai47Y6TBA2hQnC+azscjBSALpaWgw==",
      "dependencies": [
        "@mapbox/jsonlint-lines-primitives",
        "@mapbox/unitbezier",
        "json-stringify-pretty-compact",
        "minimist",
        "quickselect@2.0.0",
        "rw",
        "tinyqueue"
      ],
      "bin": true
    },
    "@math.gl/core@4.1.0": {
      "integrity": "sha512-FrdHBCVG3QdrworwrUSzXIaK+/9OCRLscxI2OUy6sLOHyHgBMyfnEGs99/m3KNvs+95BsnQLWklVfpKfQzfwKA==",
      "dependencies": [
        "@math.gl/types"
      ]
    },
    "@math.gl/polygon@4.1.0": {
      "integrity": "sha512-YA/9PzaCRHbIP5/0E9uTYrqe+jsYTQoqoDWhf6/b0Ixz8bPZBaGDEafLg3z7ffBomZLacUty9U3TlPjqMtzPjA==",
      "dependencies": [
        "@math.gl/core"
      ]
    },
    "@math.gl/sun@4.1.0": {
      "integrity": "sha512-i3q6OCBLSZ5wgZVhXg+X7gsjY/TUtuFW/2KBiq/U1ypLso3S4sEykoU/MGjxUv1xiiGtr+v8TeMbO1OBIh/HmA=="
    },
    "@math.gl/types@4.1.0": {
      "integrity": "sha512-clYZdHcmRvMzVK5fjeDkQlHUzXQSNdZ7s4xOqC3nJPgz4C/TZkUecTo9YS4PruZqtDda/ag4erndP0MIn40dGA=="
    },
    "@math.gl/web-mercator@4.1.0": {
      "integrity": "sha512-HZo3vO5GCMkXJThxRJ5/QYUYRr3XumfT8CzNNCwoJfinxy5NtKUd7dusNTXn7yJ40UoB8FMIwkVwNlqaiRZZAw==",
      "dependencies": [
        "@math.gl/core"
      ]
    },
    "@probe.gl/env@4.1.1": {
      "integrity": "sha512-+68seNDMVsEegRB47pFA/Ws1Fjy8agcFYXxzorKToyPcD6zd+gZ5uhwoLd7TzsSw6Ydns//2KEszWn+EnNHTbA=="
    },
    "@probe.gl/log@4.1.1": {
      "integrity": "sha512-kcZs9BT44pL7hS1OkRGKYRXI/SN9KejUlPD+BY40DguRLzdC5tLG/28WGMyfKdn/51GT4a0p+0P8xvDn1Ez+Kg==",
      "dependencies": [
        "@probe.gl/env"
      ]
    },
    "@probe.gl/stats@4.1.1": {
      "integrity": "sha512-4VpAyMHOqydSvPlEyHwXaE+AkIdR03nX+Qhlxsk2D/IW4OVmDZgIsvJB1cDzyEEtcfKcnaEbfXeiPgejBceT6g=="
    },
    "@protomaps/basemaps@5.7.2": {
      "integrity": "sha512-K1Yk6bWdULulYg+R2QRVXx4NzJZan5YQhpejEG0c1/sXruJrfPIPZuakpf3jwAgVmjIRVQwAv+yRafDeN0aaUQ==",
      "bin": true
    },
    "@turf/bbox-clip@7.3.5": {
      "integrity": "sha512-FuADTCBfRwdzJb2gFawDGnD1jKlUOfsWcu5Uv8iyEgu9JLuLAIYtI/l9xVF76BAoAvSkLgMfUvrPQ4SXCSUrVA==",
      "dependencies": [
        "@turf/helpers",
        "@turf/invariant",
        "@types/geojson",
        "tslib"
      ]
    },
    "@turf/boolean-point-on-line@7.3.5": {
      "integrity": "sha512-TuWfrAT63W43BDzgYc94UzQ5/PjF1aTnh4AIzmQwez1YnimShYcOTwo8OIHzDaB6gbbvFsfxYMuOA5JOp942Kg==",
      "dependencies": [
        "@turf/helpers",
        "@turf/invariant",
        "@types/geojson",
        "tslib"
      ]
    },
    "@turf/clean-coords@7.3.5": {
      "integrity": "sha512-e0ZTqVWiQaCI/b8EFb+HAS8lCDomWafAKxQuIv0IYks0GwOlVTDWTwsY2RX2685j2Y+QssqOsyHsPZCtAjc3YQ==",
      "dependencies": [
        "@turf/boolean-point-on-line",
        "@turf/helpers",
        "@turf/invariant",
        "@types/geojson",
        "tslib"
      ]
    },
    "@turf/clone@7.3.5": {
      "integrity": "sha512-qfIaHj3410QEcTpiCRnTzhq8YrUp2gWrUIPLBAEFykopNxJkq1du1VrRzvuAo36ap2UV7KppkS6wGNypbcxswQ==",
      "dependencies": [
        "@turf/helpers",
        "@types/geojson",
        "tslib"
      ]
    },
    "@turf/helpers@7.3.5": {
      "integrity": "sha512-E/NMGV5MwbjjP7AJXBtsanC3yY8N2MQ87IGdIgkB2ji5AtBpwnH4L3gEqpYN4RlCJJWbLbzO91BbKv2waUd0eg==",
      "dependencies": [
        "@types/geojson",
        "tslib"
      ]
    },
    "@turf/invariant@7.3.5": {
      "integrity": "sha512-ZVIvsBvjr8lO7WxC5zYNjRsjSDvyGvWkJMjuWaJjTU8x+1tmfNnw3gDX/TI2Sit83gcRYLYkNo23lB/udqx/Hg==",
      "dependencies": [
        "@turf/helpers",
        "@types/geojson",
        "tslib"
      ]
    },
    "@turf/meta@7.3.5": {
      "integrity": "sha512-r+ohqxoyqeigFB0oFrQx/YEHIkOKqcKpCjvZkvZs7Tkv+IFco5MezAd2zd4rzK+0DfFgDP3KpJc7HqrYjvEjhg==",
      "dependencies": [
        "@turf/helpers",
        "@types/geojson",
        "tslib"
      ]
    },
    "@turf/simplify@7.3.5": {
      "integrity": "sha512-9wzxlRA+0yNALeqyXNHFgj+8ebsg2aKdMrWRiSMS+ZqbiknZ/mCARiDYqM2Qz8TgTqdrNt53ze4o1vS6WeJrJw==",
      "dependencies": [
        "@turf/clean-coords",
        "@turf/clone",
        "@turf/helpers",
        "@turf/meta",
        "@types/geojson",
        "tslib"
      ]
    },
    "@turf/truncate@7.3.5": {
      "integrity": "sha512-Qx2iv3KIqKuDAUduMfaJ5fFegEWBeRve5zePalRevS16bMUqEX+jnKPK9fWGyUuPqT61qP1Kybz0PTWPbUbljQ==",
      "dependencies": [
        "@turf/helpers",
        "@turf/meta",
        "@types/geojson",
        "tslib"
      ]
    },
    "@types/geojson-vt@3.2.5": {
      "integrity": "sha512-qDO7wqtprzlpe8FfQ//ClPV9xiuoh2nkIgiouIptON9w5jvD/fA4szvP9GBlDVdJ5dldAl0kX/sy3URbWwLx0g==",
      "dependencies": [
        "@types/geojson"
      ]
    },
    "@types/geojson@7946.0.16": {
      "integrity": "sha512-6C8nqWur3j98U6+lXDfTUWIfgvZU+EumvpHKcYjujKH7woYyLj2sUmff0tRhrqM7BohUw7Pz3ZB1jj2gW9Fvmg=="
    },
    "@types/leaflet@1.9.21": {
      "integrity": "sha512-TbAd9DaPGSnzp6QvtYngntMZgcRk+igFELwR2N99XZn7RXUdKgsXMR+28bUO0rPsWp8MIu/f47luLIQuSLYv/w==",
      "dependencies": [
        "@types/geojson"
      ]
    },
    "@types/mapbox__point-geometry@0.1.4": {
      "integrity": "sha512-mUWlSxAmYLfwnRBmgYV86tgYmMIICX4kza8YnE/eIlywGe2XoOxlpVnXWwir92xRLjwyarqwpu2EJKD2pk0IUA=="
    },
    "@types/mapbox__vector-tile@1.3.4": {
      "integrity": "sha512-bpd8dRn9pr6xKvuEBQup8pwQfD4VUyqO/2deGjfpe6AwC8YRlyEipvefyRJUSiCJTZuCb8Pl1ciVV5ekqJ96Bg==",
      "dependencies": [
        "@types/geojson",
        "@types/mapbox__point-geometry",
        "@types/pbf"
      ]
    },
    "@types/node@25.9.5": {
      "integrity": "sha512-OScDchr2fwuUmWdf4kZ9h7PcJiYDVInhJizG/biAq3cAvqwYktuy/TYGGdZNMtNTFUP7rnb0NU4TUdm82kt4Rg==",
      "dependencies": [
        "undici-types"
      ]
    },
    "@types/offscreencanvas@2019.7.3": {
      "integrity": "sha512-ieXiYmgSRXUDeOntE1InxjWyvEelZGP63M+cGuquuRLuIKKT1osnkXjxev9B7d1nXSug5vpunx+gNlbVxMlC9A=="
    },
    "@types/pbf@3.0.5": {
      "integrity": "sha512-j3pOPiEcWZ34R6a6mN07mUkM4o4Lwf6hPNt8eilOeZhTFbxFXmKhvXl9Y28jotFPaI1bpPDJsbCprUoNke6OrA=="
    },
    "@types/supercluster@7.1.3": {
      "integrity": "sha512-Z0pOY34GDFl3Q6hUFYf3HkTwKEE02e7QgtJppBt+beEAxnyOpJua+voGFvxINBHa06GwLFFym7gRPY2SiKIfIA==",
      "dependencies": [
        "@types/geojson"
      ]
    },
    "apache-arrow@21.2.0": {
      "integrity": "sha512-Hxe6Agq26gQOM954qpzYSllJBPJl+e16U5CkfuMUhLrNba+5nKkttIVlflaovN6oaTratqMGAO8H5u/aNhmHWQ==",
      "dependencies": [
        "@types/node",
        "flatbuffers",
        "json-with-bigint",
        "tslib"
      ],
      "bin": true
    },
    "earcut@2.2.4": {
      "integrity": "sha512-/pjZsA1b4RPHbeWZQn66SWS8nZZWLQQ23oE3Eam7aroEFGEvwKAsJfZ9ytiEMycfzXWpca4FA9QIOehf7PocBQ=="
    },
    "earcut@3.2.3": {
      "integrity": "sha512-vnS4AVwp1KHAF13i1vp1/2D5evWy3k5u/iW/B81QVsUZtV8cv2tU0b2VNFlqvh4kYwrFMDdjPCfAmfyJW9y14Q=="
    },
    "fflate@0.8.3": {
      "integrity": "sha512-tbZNuJrLwGUp3zshBtdy4W+ORxZuIh8a5ilyIEQDC5rY1f3U20JMry0Ll3WBzU58EZKsEuJFXhb5gwv8CsPvgA=="
    },
    "flatbuffers@25.9.23": {
      "integrity": "sha512-MI1qs7Lo4Syw0EOzUl0xjs2lsoeqFku44KpngfIduHBYvzm8h2+7K8YMQh1JtVVVrUvhLpNwqVi4DERegUJhPQ=="
    },
    "geojson-vt@4.0.3": {
      "integrity": "sha512-jR1MwkLaZGa8Zftct9ZFruyWFrdl9ZyD2OliXNy9Qq5bBPeg5wHVpBQF9p5GjnicSDQqvBVpysxTPKmWdsfWMA=="
    },
    "get-stream@6.0.1": {
      "integrity": "sha512-ts6Wi+2j3jQjqi70w5AlN8DFnkSwC+MqmxEzdEALB2qXZYV3X/b1CTfgPLGJNMeAWxdPfU8FO1ms3NUfaHCPYg=="
    },
    "gl-matrix@3.4.4": {
      "integrity": "sha512-latSnyDNt/8zYUB6VIJ6PCh2jBjJX6gnDsoCZ7LyW7GkqrD51EWwa9qCoGixj8YqBtETQK/xY7OmpTF8xz1DdQ=="
    },
    "global-prefix@4.0.0": {
      "integrity": "sha512-w0Uf9Y9/nyHinEk5vMJKRie+wa4kR5hmDbEhGGds/kG1PwGLLHKRoNMeJOyCQjjBkANlnScqgzcFwGHgmgLkVA==",
      "dependencies": [
        "ini",
        "kind-of",
        "which"
      ]
    },
    "ieee754@1.2.1": {
      "integrity": "sha512-dcyqhDvX1C46lXZcVqCpK+FtMRQVdIMN6/Df5js2zouUsqG7I6sFxitIC+7KYK29KdXOLHdu9zL4sFnoVQnqaA=="
    },
    "ini@4.1.3": {
      "integrity": "sha512-X7rqawQBvfdjS10YU1y1YVreA3SsLrW9dX2CewP2EbBJM4ypVNLDkO5y04gejPwKIY9lR+7r9gn3rFPt/kmWFg=="
    },
    "isexe@3.1.5": {
      "integrity": "sha512-6B3tLtFqtQS4ekarvLVMZ+X+VlvQekbe4taUkf/rhVO3d/h0M2rfARm/pXLcPEsjjMsFgrFgSrhQIxcSVrBz8w=="
    },
    "json-stringify-pretty-compact@4.0.0": {
      "integrity": "sha512-3CNZ2DnrpByG9Nqj6Xo8vqbjT4F6N+tb4Gb28ESAZjYZ5yqvmc56J+/kuIwkaAMOyblTQhUW7PxMkUb8Q36N3Q=="
    },
    "json-with-bigint@3.5.10": {
      "integrity": "sha512-Vcx+JVNEBts/xfcoCS69sKrOhOk/3TVlvlT+XzUOefVKnnrbYSCKpDCm10pohsJFtsJVYnwa/cXRZ4eElzaM6w=="
    },
    "kdbush@4.1.0": {
      "integrity": "sha512-e9vurzrXJQrFX6ckpHP3bvj5l+9CnYzkxDNnNQ1h2QTqdWsUAJgXiKdGNcOa1EY85dU8KbQ+z/FdQdB7P+9yfQ=="
    },
    "kind-of@6.0.3": {
      "integrity": "sha512-dcS1ul+9tmeD95T+x28/ehLgd9mENa3LsvDTtzm3vyBEO7RPptvAD+t44WVXaUjTBRcrpFeFlC8WCruUR456hw=="
    },
    "maplibre-gl@4.7.1": {
      "integrity": "sha512-lgL7XpIwsgICiL82ITplfS7IGwrB1OJIw/pCvprDp2dhmSSEBgmPzYRvwYYYvJGJD7fxUv1Tvpih4nZ6VrLuaA==",
      "dependencies": [
        "@mapbox/geojson-rewind",
        "@mapbox/jsonlint-lines-primitives",
        "@mapbox/point-geometry",
        "@mapbox/tiny-sdf",
        "@mapbox/unitbezier",
        "@mapbox/vector-tile",
        "@mapbox/whoots-js",
        "@maplibre/maplibre-gl-style-spec",
        "@types/geojson",
        "@types/geojson-vt",
        "@types/mapbox__point-geometry",
        "@types/mapbox__vector-tile",
        "@types/pbf",
        "@types/supercluster",
        "earcut@3.2.3",
        "geojson-vt",
        "gl-matrix",
        "global-prefix",
        "kdbush",
        "murmurhash-js",
        "pbf",
        "potpack",
        "quickselect@3.0.0",
        "supercluster",
        "tinyqueue",
        "vt-pbf"
      ]
    },
    "minimist@1.2.8": {
      "integrity": "sha512-2yyAR8qBkN3YuheJanUpWC5U3bb5osDywNB8RzDVlDwDHbocAJveqqj1u8+SVD7jkWT4yvsHCpWqqWqAxb0zCA=="
    },
    "mjolnir.js@3.0.1": {
      "integrity": "sha512-/RMi8Jm3NKleOkVI8D2ai+1OVwtfRJsSVBVjbTXNm83nfsN4uORYaN3u1/hsg5CqVI+di8enTkvgDNDOywn6cQ=="
    },
    "murmurhash-js@1.0.0": {
      "integrity": "sha512-TvmkNhkv8yct0SVBSy+o8wYzXjE4Zz3PCesbfs8HiCXXdcTuocApFv11UWlNFWKYsP2okqrhb7JNlSm9InBhIw=="
    },
    "pbf@3.3.0": {
      "integrity": "sha512-XDF38WCH3z5OV/OVa8GKUNtLAyneuzbCisx7QUCF8Q6Nutx0WnJrQe5O+kOtBlLfRNUws98Y58Lblp+NJG5T4Q==",
      "dependencies": [
        "ieee754",
        "resolve-protobuf-schema"
      ],
      "bin": true
    },
    "pmtiles@3.2.1": {
      "integrity": "sha512-3R4fBwwoli5mw7a6t1IGwOtfmcSAODq6Okz0zkXhS1zi9sz1ssjjIfslwPvcWw5TNhdjNBUg9fgfPLeqZlH6ng==",
      "dependencies": [
        "@types/leaflet",
        "fflate"
      ]
    },
    "potpack@2.1.0": {
      "integrity": "sha512-pcaShQc1Shq0y+E7GqJqvZj8DTthWV1KeHGdi0Z6IAin2Oi3JnLCOfwnCo84qc+HAp52wT9nK9H7FAJp5a44GQ=="
    },
    "protocol-buffers-schema@3.6.1": {
      "integrity": "sha512-VG2K63Igkiv9p76tk1lilczEK1cT+kCjKtkdhw1dQZV3k3IXJbd3o6Ho8b9zJZaHSnT2hKe4I+ObmX9w6m5SmQ=="
    },
    "quickselect@2.0.0": {
      "integrity": "sha512-RKJ22hX8mHe3Y6wH/N3wCM6BWtjaxIyyUIkpHOvfFnxdI4yD4tBXEBKSbriGujF6jnSVkJrffuo6vxACiSSxIw=="
    },
    "quickselect@3.0.0": {
      "integrity": "sha512-XdjUArbK4Bm5fLLvlm5KpTFOiOThgfWWI4axAZDWg4E/0mKdZyI9tNEfds27qCi1ze/vwTR16kvmmGhRra3c2g=="
    },
    "resolve-protobuf-schema@2.1.0": {
      "integrity": "sha512-kI5ffTiZWmJaS/huM8wZfEMer1eRd7oJQhDuxeCLe3t7N7mX3z94CN0xPxBQxFYQTSNz9T0i+v6inKqSdK8xrQ==",
      "dependencies": [
        "protocol-buffers-schema"
      ]
    },
    "rw@1.3.3": {
      "integrity": "sha512-PdhdWy89SiZogBLaw42zdeqtRJ//zFd2PgQavcICDUgJT5oW10QCRKbJ6bg4r0/UY2M6BWd5tkxuGFRvCkgfHQ=="
    },
    "supercluster@8.0.1": {
      "integrity": "sha512-IiOea5kJ9iqzD2t7QJq/cREyLHTtSmUT6gQsweojg9WH2sYJqZK9SswTu6jrscO6D1G5v5vYZ9ru/eq85lXeZQ==",
      "dependencies": [
        "kdbush"
      ]
    },
    "tinyqueue@3.0.0": {
      "integrity": "sha512-gRa9gwYU3ECmQYv3lslts5hxuIa90veaEcxDYuu3QGOIAEM2mOZkVHp48ANJuu1CURtRdHKUBY5Lm1tHV+sD4g=="
    },
    "tslib@2.8.1": {
      "integrity": "sha512-oJFu94HQb+KVduSUQL7wnpmqnfmLsOA/nAh6b6EH0wCEoK0/mPeXU6c3wKDV83MkOuHPRHtSXKKU99IBazS/2w=="
    },
    "undici-types@7.24.6": {
      "integrity": "sha512-WRNW+sJgj5OBN4/0JpHFqtqzhpbnV0GuB+OozA9gCL7a993SmU+1JBZCzLNxYsbMfIeDL+lTsphD5jN5N+n0zg=="
    },
    "vt-pbf@3.1.3": {
      "integrity": "sha512-2LzDFzt0mZKZ9IpVF2r69G9bXaP2Q2sArJCmcCgvfTdCCZzSyz4aCLoQyUilu37Ll56tCblIZrXFIjNUpGIlmA==",
      "dependencies": [
        "@mapbox/point-geometry",
        "@mapbox/vector-tile",
        "pbf"
      ]
    },
    "which@4.0.0": {
      "integrity": "sha512-GlaYyEb07DPxYCKhKzplCWBJtvxZcZMrL+4UkrTSJHHPyZU4mYYTv3qaOe77H7EODLSSopAUFAc6W8U4yqvscg==",
      "dependencies": [
        "isexe"
      ],
      "bin": true
    }
  },
  "workspace": {
    "dependencies": [
      "jsr:@std/assert@^1.0.19",
      "jsr:@std/yaml@1",
      "npm:@deck.gl/core@^9.3.7",
      "npm:@deck.gl/layers@^9.3.7",
      "npm:@protomaps/basemaps@^5.7.2",
      "npm:@turf/bbox-clip@7",
      "npm:@turf/helpers@7",
      "npm:@turf/simplify@7",
      "npm:@turf/truncate@7",
      "npm:@types/geojson@^7946.0.16",
      "npm:maplibre-gl@^4.7.1",
      "npm:pmtiles@^3.2.1"
    ]
  }
}
